
Microsoft Visual Studio Solution File, Format Version 12.00
# Visual Studio 14
VisualStudioVersion = 14.0.25420.1
MinimumVisualStudioVersion = 10.0.40219.1
Project("{FAE04EC0-301F-11D3-BF4B-00C04F79EFBC}") = "FamilyApp", "FamilyApp\FamilyApp\FamilyApp.csproj", "{700BA677-1451-4F29-88C0-8B4ABFA8D19E}"
EndProject
Project("{FAE04EC0-301F-11D3-BF4B-00C04F79EFBC}") = "FamilyApp.Droid", "FamilyApp\FamilyApp.Droid\FamilyApp.Droid.csproj", "{AC118AE6-4FB7-4C29-9042-0F7FE010A48A}"
EndProject
Project("{FAE04EC0-301F-11D3-BF4B-00C04F79EFBC}") = "FamilyApp.iOS", "FamilyApp\FamilyApp.iOS\FamilyApp.iOS.csproj", "{3808F159-5886-449E-BA39-2FBA6EE47411}"
EndProject
Project("{FAE04EC0-301F-11D3-BF4B-00C04F79EFBC}") = "FamilyApp.WinPhone", "FamilyApp\FamilyApp.WinPhone\FamilyApp.WinPhone.csproj", "{AD301AD1-8AC8-47A2-AEDE-F634918FCA40}"
EndProject
Project("{FAE04EC0-301F-11D3-BF4B-00C04F79EFBC}") = "FamilyApp.UWP", "FamilyApp\FamilyApp.UWP\FamilyApp.UWP.csproj", "{23BA654C-F585-44D3-9354-F184C71090FE}"
EndProject
Project("{FAE04EC0-301F-11D3-BF4B-00C04F79EFBC}") = "FamilyApp.Windows", "FamilyApp\FamilyApp.Windows\FamilyApp.Windows.csproj", "{0F61967B-FDCC-448A-872C-B9C98D67F933}"
EndProject
Global
	GlobalSection(SolutionConfigurationPlatforms) = preSolution
		Ad-Hoc|Any CPU = Ad-Hoc|Any CPU
		Ad-Hoc|ARM = Ad-Hoc|ARM
		Ad-Hoc|iPhone = Ad-Hoc|iPhone
		Ad-Hoc|iPhoneSimulator = Ad-Hoc|iPhoneSimulator
		Ad-Hoc|x64 = Ad-Hoc|x64
		Ad-Hoc|x86 = Ad-Hoc|x86
		AppStore|Any CPU = AppStore|Any CPU
		AppStore|ARM = AppStore|ARM
		AppStore|iPhone = AppStore|iPhone
		AppStore|iPhoneSimulator = AppStore|iPhoneSimulator
		AppStore|x64 = AppStore|x64
		AppStore|x86 = AppStore|x86
		Debug|Any CPU = Debug|Any CPU
		Debug|ARM = Debug|ARM
		Debug|iPhone = Debug|iPhone
		Debug|iPhoneSimulator = Debug|iPhoneSimulator
		Debug|x64 = Debug|x64
		Debug|x86 = Debug|x86
		Release|Any CPU = Release|Any CPU
		Release|ARM = Release|ARM
		Release|iPhone = Release|iPhone
		Release|iPhoneSimulator = Release|iPhoneSimulator
		Release|x64 = Release|x64
		Release|x86 = Release|x86
	EndGlobalSection
	GlobalSection(ProjectConfigurationPlatforms) = postSolution
		{700BA677-1451-4F29-88C0-8B4ABFA8D19E}.Ad-Hoc|Any CPU.ActiveCfg = Release|Any CPU
		{700BA677-1451-4F29-88C0-8B4ABFA8D19E}.Ad-Hoc|Any CPU.Build.0 = Release|Any CPU
		{700BA677-1451-4F29-88C0-8B4ABFA8D19E}.Ad-Hoc|ARM.ActiveCfg = Release|Any CPU
		{700BA677-1451-4F29-88C0-8B4ABFA8D19E}.Ad-Hoc|ARM.Build.0 = Release|Any CPU
		{700BA677-1451-4F29-88C0-8B4ABFA8D19E}.Ad-Hoc|iPhone.ActiveCfg = Release|Any CPU
		{700BA677-1451-4F29-88C0-8B4ABFA8D19E}.Ad-Hoc|iPhone.Build.0 = Release|Any CPU
		{700BA677-1451-4F29-88C0-8B4ABFA8D19E}.Ad-Hoc|iPhoneSimulator.ActiveCfg = Release|Any CPU
		{700BA677-1451-4F29-88C0-8B4ABFA8D19E}.Ad-Hoc|iPhoneSimulator.Build.0 = Release|Any CPU
		{700BA677-1451-4F29-88C0-8B4ABFA8D19E}.Ad-Hoc|x64.ActiveCfg = Release|Any CPU
		{700BA677-1451-4F29-88C0-8B4ABFA8D19E}.Ad-Hoc|x64.Build.0 = Release|Any CPU
		{700BA677-1451-4F29-88C0-8B4ABFA8D19E}.Ad-Hoc|x86.ActiveCfg = Release|Any CPU
		{700BA677-1451-4F29-88C0-8B4ABFA8D19E}.Ad-Hoc|x86.Build.0 = Release|Any CPU
		{700BA677-1451-4F29-88C0-8B4ABFA8D19E}.AppStore|Any CPU.ActiveCfg = Release|Any CPU
		{700BA677-1451-4F29-88C0-8B4ABFA8D19E}.AppStore|Any CPU.Build.0 = Release|Any CPU
		{700BA677-1451-4F29-88C0-8B4ABFA8D19E}.AppStore|ARM.ActiveCfg = Release|Any CPU
		{700BA677-1451-4F29-88C0-8B4ABFA8D19E}.AppStore|ARM.Build.0 = Release|Any CPU
		{700BA677-1451-4F29-88C0-8B4ABFA8D19E}.AppStore|iPhone.ActiveCfg = Release|Any CPU
		{700BA677-1451-4F29-88C0-8B4ABFA8D19E}.AppStore|iPhone.Build.0 = Release|Any CPU
		{700BA677-1451-4F29-88C0-8B4ABFA8D19E}.AppStore|iPhoneSimulator.ActiveCfg = Release|Any CPU
		{700BA677-1451-4F29-88C0-8B4ABFA8D19E}.AppStore|iPhoneSimulator.Build.0 = Release|Any CPU
		{700BA677-1451-4F29-88C0-8B4ABFA8D19E}.AppStore|x64.ActiveCfg = Release|Any CPU
		{700BA677-1451-4F29-88C0-8B4ABFA8D19E}.AppStore|x64.Build.0 = Release|Any CPU
		{700BA677-1451-4F29-88C0-8B4ABFA8D19E}.AppStore|x86.ActiveCfg = Release|Any CPU
		{700BA677-1451-4F29-88C0-8B4ABFA8D19E}.AppStore|x86.Build.0 = Release|Any CPU
		{700BA677-1451-4F29-88C0-8B4ABFA8D19E}.Debug|Any CPU.ActiveCfg = Debug|Any CPU
		{700BA677-1451-4F29-88C0-8B4ABFA8D19E}.Debug|Any CPU.Build.0 = Debug|Any CPU
		{700BA677-1451-4F29-88C0-8B4ABFA8D19E}.Debug|ARM.ActiveCfg = Debug|Any CPU
		{700BA677-1451-4F29-88C0-8B4ABFA8D19E}.Debug|ARM.Build.0 = Debug|Any CPU
		{700BA677-1451-4F29-88C0-8B4ABFA8D19E}.Debug|iPhone.ActiveCfg = Debug|Any CPU
		{700BA677-1451-4F29-88C0-8B4ABFA8D19E}.Debug|iPhone.Build.0 = Debug|Any CPU
		{700BA677-1451-4F29-88C0-8B4ABFA8D19E}.Debug|iPhoneSimulator.ActiveCfg = Debug|Any CPU
		{700BA677-1451-4F29-88C0-8B4ABFA8D19E}.Debug|iPhoneSimulator.Build.0 = Debug|Any CPU
		{700BA677-1451-4F29-88C0-8B4ABFA8D19E}.Debug|x64.ActiveCfg = Debug|Any CPU
		{700BA677-1451-4F29-88C0-8B4ABFA8D19E}.Debug|x64.Build.0 = Debug|Any CPU
		{700BA677-1451-4F29-88C0-8B4ABFA8D19E}.Debug|x86.ActiveCfg = Debug|Any CPU
		{700BA677-1451-4F29-88C0-8B4ABFA8D19E}.Debug|x86.Build.0 = Debug|Any CPU
		{700BA677-1451-4F29-88C0-8B4ABFA8D19E}.Release|Any CPU.ActiveCfg = Release|Any CPU
		{700BA677-1451-4F29-88C0-8B4ABFA8D19E}.Release|Any CPU.Build.0 = Release|Any CPU
		{700BA677-1451-4F29-88C0-8B4ABFA8D19E}.Release|ARM.ActiveCfg = Release|Any CPU
		{700BA677-1451-4F29-88C0-8B4ABFA8D19E}.Release|ARM.Build.0 = Release|Any CPU
		{700BA677-1451-4F29-88C0-8B4ABFA8D19E}.Release|iPhone.ActiveCfg = Release|Any CPU
		{700BA677-1451-4F29-88C0-8B4ABFA8D19E}.Release|iPhone.Build.0 = Release|Any CPU
		{700BA677-1451-4F29-88C0-8B4ABFA8D19E}.Release|iPhoneSimulator.ActiveCfg = Release|Any CPU
		{700BA677-1451-4F29-88C0-8B4ABFA8D19E}.Release|iPhoneSimulator.Build.0 = Release|Any CPU
		{700BA677-1451-4F29-88C0-8B4ABFA8D19E}.Release|x64.ActiveCfg = Release|Any CPU
		{700BA677-1451-4F29-88C0-8B4ABFA8D19E}.Release|x64.Build.0 = Release|Any CPU
		{700BA677-1451-4F29-88C0-8B4ABFA8D19E}.Release|x86.ActiveCfg = Release|Any CPU
		{700BA677-1451-4F29-88C0-8B4ABFA8D19E}.Release|x86.Build.0 = Release|Any CPU
		{AC118AE6-4FB7-4C29-9042-0F7FE010A48A}.Ad-Hoc|Any CPU.ActiveCfg = Release|Any CPU
		{AC118AE6-4FB7-4C29-9042-0F7FE010A48A}.Ad-Hoc|Any CPU.Build.0 = Release|Any CPU
		{AC118AE6-4FB7-4C29-9042-0F7FE010A48A}.Ad-Hoc|Any CPU.Deploy.0 = Release|Any CPU
		{AC118AE6-4FB7-4C29-9042-0F7FE010A48A}.Ad-Hoc|ARM.ActiveCfg = Release|Any CPU
		{AC118AE6-4FB7-4C29-9042-0F7FE010A48A}.Ad-Hoc|ARM.Build.0 = Release|Any CPU
		{AC118AE6-4FB7-4C29-9042-0F7FE010A48A}.Ad-Hoc|ARM.Deploy.0 = Release|Any CPU
		{AC118AE6-4FB7-4C29-9042-0F7FE010A48A}.Ad-Hoc|iPhone.ActiveCfg = Release|Any CPU
		{AC118AE6-4FB7-4C29-9042-0F7FE010A48A}.Ad-Hoc|iPhone.Build.0 = Release|Any CPU
		{AC118AE6-4FB7-4C29-9042-0F7FE010A48A}.Ad-Hoc|iPhone.Deploy.0 = Release|Any CPU
		{AC118AE6-4FB7-4C29-9042-0F7FE010A48A}.Ad-Hoc|iPhoneSimulator.ActiveCfg = Release|Any CPU
		{AC118AE6-4FB7-4C29-9042-0F7FE010A48A}.Ad-Hoc|iPhoneSimulator.Build.0 = Release|Any CPU
		{AC118AE6-4FB7-4C29-9042-0F7FE010A48A}.Ad-Hoc|iPhoneSimulator.Deploy.0 = Release|Any CPU
		{AC118AE6-4FB7-4C29-9042-0F7FE010A48A}.Ad-Hoc|x64.ActiveCfg = Release|Any CPU
		{AC118AE6-4FB7-4C29-9042-0F7FE010A48A}.Ad-Hoc|x64.Build.0 = Release|Any CPU
		{AC118AE6-4FB7-4C29-9042-0F7FE010A48A}.Ad-Hoc|x64.Deploy.0 = Release|Any CPU
		{AC118AE6-4FB7-4C29-9042-0F7FE010A48A}.Ad-Hoc|x86.ActiveCfg = Release|Any CPU
		{AC118AE6-4FB7-4C29-9042-0F7FE010A48A}.Ad-Hoc|x86.Build.0 = Release|Any CPU
		{AC118AE6-4FB7-4C29-9042-0F7FE010A48A}.Ad-Hoc|x86.Deploy.0 = Release|Any CPU
		{AC118AE6-4FB7-4C29-9042-0F7FE010A48A}.AppStore|Any CPU.ActiveCfg = Release|Any CPU
		{AC118AE6-4FB7-4C29-9042-0F7FE010A48A}.AppStore|Any CPU.Build.0 = Release|Any CPU
		{AC118AE6-4FB7-4C29-9042-0F7FE010A48A}.AppStore|Any CPU.Deploy.0 = Release|Any CPU
		{AC118AE6-4FB7-4C29-9042-0F7FE010A48A}.AppStore|ARM.ActiveCfg = Release|Any CPU
		{AC118AE6-4FB7-4C29-9042-0F7FE010A48A}.AppStore|ARM.Build.0 = Release|Any CPU
		{AC118AE6-4FB7-4C29-9042-0F7FE010A48A}.AppStore|ARM.Deploy.0 = Release|Any CPU
		{AC118AE6-4FB7-4C29-9042-0F7FE010A48A}.AppStore|iPhone.ActiveCfg = Release|Any CPU
		{AC118AE6-4FB7-4C29-9042-0F7FE010A48A}.AppStore|iPhone.Build.0 = Release|Any CPU
		{AC118AE6-4FB7-4C29-9042-0F7FE010A48A}.AppStore|iPhone.Deploy.0 = Release|Any CPU
		{AC118AE6-4FB7-4C29-9042-0F7FE010A48A}.AppStore|iPhoneSimulator.ActiveCfg = Release|Any CPU
		{AC118AE6-4FB7-4C29-9042-0F7FE010A48A}.AppStore|iPhoneSimulator.Build.0 = Release|Any CPU
		{AC118AE6-4FB7-4C29-9042-0F7FE010A48A}.AppStore|iPhoneSimulator.Deploy.0 = Release|Any CPU
		{AC118AE6-4FB7-4C29-9042-0F7FE010A48A}.AppStore|x64.ActiveCfg = Release|Any CPU
		{AC118AE6-4FB7-4C29-9042-0F7FE010A48A}.AppStore|x64.Build.0 = Release|Any CPU
		{AC118AE6-4FB7-4C29-9042-0F7FE010A48A}.AppStore|x64.Deploy.0 = Release|Any CPU
		{AC118AE6-4FB7-4C29-9042-0F7FE010A48A}.AppStore|x86.ActiveCfg = Release|Any CPU
		{AC118AE6-4FB7-4C29-9042-0F7FE010A48A}.AppStore|x86.Build.0 = Release|Any CPU
		{AC118AE6-4FB7-4C29-9042-0F7FE010A48A}.AppStore|x86.Deploy.0 = Release|Any CPU
		{AC118AE6-4FB7-4C29-9042-0F7FE010A48A}.Debug|Any CPU.ActiveCfg = Debug|Any CPU
		{AC118AE6-4FB7-4C29-9042-0F7FE010A48A}.Debug|Any CPU.Build.0 = Debug|Any CPU
		{AC118AE6-4FB7-4C29-9042-0F7FE010A48A}.Debug|Any CPU.Deploy.0 = Debug|Any CPU
		{AC118AE6-4FB7-4C29-9042-0F7FE010A48A}.Debug|ARM.ActiveCfg = Debug|Any CPU
		{AC118AE6-4FB7-4C29-9042-0F7FE010A48A}.Debug|ARM.Build.0 = Debug|Any CPU
		{AC118AE6-4FB7-4C29-9042-0F7FE010A48A}.Debug|ARM.Deploy.0 = Debug|Any CPU
		{AC118AE6-4FB7-4C29-9042-0F7FE010A48A}.Debug|iPhone.ActiveCfg = Debug|Any CPU
		{AC118AE6-4FB7-4C29-9042-0F7FE010A48A}.Debug|iPhone.Build.0 = Debug|Any CPU
		{AC118AE6-4FB7-4C29-9042-0F7FE010A48A}.Debug|iPhone.Deploy.0 = Debug|Any CPU
		{AC118AE6-4FB7-4C29-9042-0F7FE010A48A}.Debug|iPhoneSimulator.ActiveCfg = Debug|Any CPU
		{AC118AE6-4FB7-4C29-9042-0F7FE010A48A}.Debug|iPhoneSimulator.Build.0 = Debug|Any CPU
		{AC118AE6-4FB7-4C29-9042-0F7FE010A48A}.Debug|iPhoneSimulator.Deploy.0 = Debug|Any CPU
		{AC118AE6-4FB7-4C29-9042-0F7FE010A48A}.Debug|x64.ActiveCfg = Debug|Any CPU
		{AC118AE6-4FB7-4C29-9042-0F7FE010A48A}.Debug|x64.Build.0 = Debug|Any CPU
		{AC118AE6-4FB7-4C29-9042-0F7FE010A48A}.Debug|x64.Deploy.0 = Debug|Any CPU
		{AC118AE6-4FB7-4C29-9042-0F7FE010A48A}.Debug|x86.ActiveCfg = Debug|Any CPU
		{AC118AE6-4FB7-4C29-9042-0F7FE010A48A}.Debug|x86.Build.0 = Debug|Any CPU
		{AC118AE6-4FB7-4C29-9042-0F7FE010A48A}.Debug|x86.Deploy.0 = Debug|Any CPU
		{AC118AE6-4FB7-4C29-9042-0F7FE010A48A}.Release|Any CPU.ActiveCfg = Release|Any CPU
		{AC118AE6-4FB7-4C29-9042-0F7FE010A48A}.Release|Any CPU.Build.0 = Release|Any CPU
		{AC118AE6-4FB7-4C29-9042-0F7FE010A48A}.Release|Any CPU.Deploy.0 = Release|Any CPU
		{AC118AE6-4FB7-4C29-9042-0F7FE010A48A}.Release|ARM.ActiveCfg = Release|Any CPU
		{AC118AE6-4FB7-4C29-9042-0F7FE010A48A}.Release|ARM.Build.0 = Release|Any CPU
		{AC118AE6-4FB7-4C29-9042-0F7FE010A48A}.Release|ARM.Deploy.0 = Release|Any CPU
		{AC118AE6-4FB7-4C29-9042-0F7FE010A48A}.Release|iPhone.ActiveCfg = Release|Any CPU
		{AC118AE6-4FB7-4C29-9042-0F7FE010A48A}.Release|iPhone.Build.0 = Release|Any CPU
		{AC118AE6-4FB7-4C29-9042-0F7FE010A48A}.Release|iPhone.Deploy.0 = Release|Any CPU
		{AC118AE6-4FB7-4C29-9042-0F7FE010A48A}.Release|iPhoneSimulator.ActiveCfg = Release|Any CPU
		{AC118AE6-4FB7-4C29-9042-0F7FE010A48A}.Release|iPhoneSimulator.Build.0 = Release|Any CPU
		{AC118AE6-4FB7-4C29-9042-0F7FE010A48A}.Release|iPhoneSimulator.Deploy.0 = Release|Any CPU
		{AC118AE6-4FB7-4C29-9042-0F7FE010A48A}.Release|x64.ActiveCfg = Release|Any CPU
		{AC118AE6-4FB7-4C29-9042-0F7FE010A48A}.Release|x64.Build.0 = Release|Any CPU
		{AC118AE6-4FB7-4C29-9042-0F7FE010A48A}.Release|x64.Deploy.0 = Release|Any CPU
		{AC118AE6-4FB7-4C29-9042-0F7FE010A48A}.Release|x86.ActiveCfg = Release|Any CPU
		{AC118AE6-4FB7-4C29-9042-0F7FE010A48A}.Release|x86.Build.0 = Release|Any CPU
		{AC118AE6-4FB7-4C29-9042-0F7FE010A48A}.Release|x86.Deploy.0 = Release|Any CPU
		{3808F159-5886-449E-BA39-2FBA6EE47411}.Ad-Hoc|Any CPU.ActiveCfg = Ad-Hoc|iPhone
		{3808F159-5886-449E-BA39-2FBA6EE47411}.Ad-Hoc|ARM.ActiveCfg = Ad-Hoc|iPhone
		{3808F159-5886-449E-BA39-2FBA6EE47411}.Ad-Hoc|iPhone.ActiveCfg = Ad-Hoc|iPhone
		{3808F159-5886-449E-BA39-2FBA6EE47411}.Ad-Hoc|iPhone.Build.0 = Ad-Hoc|iPhone
		{3808F159-5886-449E-BA39-2FBA6EE47411}.Ad-Hoc|iPhoneSimulator.ActiveCfg = Ad-Hoc|iPhoneSimulator
		{3808F159-5886-449E-BA39-2FBA6EE47411}.Ad-Hoc|iPhoneSimulator.Build.0 = Ad-Hoc|iPhoneSimulator
		{3808F159-5886-449E-BA39-2FBA6EE47411}.Ad-Hoc|x64.ActiveCfg = Ad-Hoc|iPhone
		{3808F159-5886-449E-BA39-2FBA6EE47411}.Ad-Hoc|x86.ActiveCfg = Ad-Hoc|iPhone
		{3808F159-5886-449E-BA39-2FBA6EE47411}.AppStore|Any CPU.ActiveCfg = AppStore|iPhone
		{3808F159-5886-449E-BA39-2FBA6EE47411}.AppStore|ARM.ActiveCfg = AppStore|iPhone
		{3808F159-5886-449E-BA39-2FBA6EE47411}.AppStore|iPhone.ActiveCfg = AppStore|iPhone
		{3808F159-5886-449E-BA39-2FBA6EE47411}.AppStore|iPhone.Build.0 = AppStore|iPhone
		{3808F159-5886-449E-BA39-2FBA6EE47411}.AppStore|iPhoneSimulator.ActiveCfg = AppStore|iPhoneSimulator
		{3808F159-5886-449E-BA39-2FBA6EE47411}.AppStore|iPhoneSimulator.Build.0 = AppStore|iPhoneSimulator
		{3808F159-5886-449E-BA39-2FBA6EE47411}.AppStore|x64.ActiveCfg = AppStore|iPhone
		{3808F159-5886-449E-BA39-2FBA6EE47411}.AppStore|x86.ActiveCfg = AppStore|iPhone
		{3808F159-5886-449E-BA39-2FBA6EE47411}.Debug|Any CPU.ActiveCfg = Debug|iPhone
		{3808F159-5886-449E-BA39-2FBA6EE47411}.Debug|ARM.ActiveCfg = Debug|iPhone
		{3808F159-5886-449E-BA39-2FBA6EE47411}.Debug|iPhone.ActiveCfg = Debug|iPhone
		{3808F159-5886-449E-BA39-2FBA6EE47411}.Debug|iPhone.Build.0 = Debug|iPhone
		{3808F159-5886-449E-BA39-2FBA6EE47411}.Debug|iPhoneSimulator.ActiveCfg = Debug|iPhoneSimulator
		{3808F159-5886-449E-BA39-2FBA6EE47411}.Debug|iPhoneSimulator.Build.0 = Debug|iPhoneSimulator
		{3808F159-5886-449E-BA39-2FBA6EE47411}.Debug|x64.ActiveCfg = Debug|iPhone
		{3808F159-5886-449E-BA39-2FBA6EE47411}.Debug|x86.ActiveCfg = Debug|iPhone
		{3808F159-5886-449E-BA39-2FBA6EE47411}.Release|Any CPU.ActiveCfg = Release|iPhone
		{3808F159-5886-449E-BA39-2FBA6EE47411}.Release|ARM.ActiveCfg = Release|iPhone
		{3808F159-5886-449E-BA39-2FBA6EE47411}.Release|iPhone.ActiveCfg = Release|iPhone
		{3808F159-5886-449E-BA39-2FBA6EE47411}.Release|iPhone.Build.0 = Release|iPhone
		{3808F159-5886-449E-BA39-2FBA6EE47411}.Release|iPhoneSimulator.ActiveCfg = Release|iPhoneSimulator
		{3808F159-5886-449E-BA39-2FBA6EE47411}.Release|iPhoneSimulator.Build.0 = Release|iPhoneSimulator
		{3808F159-5886-449E-BA39-2FBA6EE47411}.Release|x64.ActiveCfg = Release|iPhone
		{3808F159-5886-449E-BA39-2FBA6EE47411}.Release|x86.ActiveCfg = Release|iPhone
		{AD301AD1-8AC8-47A2-AEDE-F634918FCA40}.Ad-Hoc|Any CPU.ActiveCfg = Release|Any CPU
		{AD301AD1-8AC8-47A2-AEDE-F634918FCA40}.Ad-Hoc|Any CPU.Build.0 = Release|Any CPU
		{AD301AD1-8AC8-47A2-AEDE-F634918FCA40}.Ad-Hoc|Any CPU.Deploy.0 = Release|Any CPU
		{AD301AD1-8AC8-47A2-AEDE-F634918FCA40}.Ad-Hoc|ARM.ActiveCfg = Release|ARM
		{AD301AD1-8AC8-47A2-AEDE-F634918FCA40}.Ad-Hoc|ARM.Build.0 = Release|ARM
		{AD301AD1-8AC8-47A2-AEDE-F634918FCA40}.Ad-Hoc|ARM.Deploy.0 = Release|ARM
		{AD301AD1-8AC8-47A2-AEDE-F634918FCA40}.Ad-Hoc|iPhone.ActiveCfg = Release|Any CPU
		{AD301AD1-8AC8-47A2-AEDE-F634918FCA40}.Ad-Hoc|iPhone.Build.0 = Release|Any CPU
		{AD301AD1-8AC8-47A2-AEDE-F634918FCA40}.Ad-Hoc|iPhone.Deploy.0 = Release|Any CPU
		{AD301AD1-8AC8-47A2-AEDE-F634918FCA40}.Ad-Hoc|iPhoneSimulator.ActiveCfg = Release|Any CPU
		{AD301AD1-8AC8-47A2-AEDE-F634918FCA40}.Ad-Hoc|iPhoneSimulator.Build.0 = Release|Any CPU
		{AD301AD1-8AC8-47A2-AEDE-F634918FCA40}.Ad-Hoc|iPhoneSimulator.Deploy.0 = Release|Any CPU
		{AD301AD1-8AC8-47A2-AEDE-F634918FCA40}.Ad-Hoc|x64.ActiveCfg = Release|Any CPU
		{AD301AD1-8AC8-47A2-AEDE-F634918FCA40}.Ad-Hoc|x64.Build.0 = Release|Any CPU
		{AD301AD1-8AC8-47A2-AEDE-F634918FCA40}.Ad-Hoc|x64.Deploy.0 = Release|Any CPU
		{AD301AD1-8AC8-47A2-AEDE-F634918FCA40}.Ad-Hoc|x86.ActiveCfg = Release|x86
		{AD301AD1-8AC8-47A2-AEDE-F634918FCA40}.Ad-Hoc|x86.Build.0 = Release|x86
		{AD301AD1-8AC8-47A2-AEDE-F634918FCA40}.Ad-Hoc|x86.Deploy.0 = Release|x86
		{AD301AD1-8AC8-47A2-AEDE-F634918FCA40}.AppStore|Any CPU.ActiveCfg = Release|Any CPU
		{AD301AD1-8AC8-47A2-AEDE-F634918FCA40}.AppStore|Any CPU.Build.0 = Release|Any CPU
		{AD301AD1-8AC8-47A2-AEDE-F634918FCA40}.AppStore|Any CPU.Deploy.0 = Release|Any CPU
		{AD301AD1-8AC8-47A2-AEDE-F634918FCA40}.AppStore|ARM.ActiveCfg = Release|ARM
		{AD301AD1-8AC8-47A2-AEDE-F634918FCA40}.AppStore|ARM.Build.0 = Release|ARM
		{AD301AD1-8AC8-47A2-AEDE-F634918FCA40}.AppStore|ARM.Deploy.0 = Release|ARM
		{AD301AD1-8AC8-47A2-AEDE-F634918FCA40}.AppStore|iPhone.ActiveCfg = Release|Any CPU
		{AD301AD1-8AC8-47A2-AEDE-F634918FCA40}.AppStore|iPhone.Build.0 = Release|Any CPU
		{AD301AD1-8AC8-47A2-AEDE-F634918FCA40}.AppStore|iPhone.Deploy.0 = Release|Any CPU
		{AD301AD1-8AC8-47A2-AEDE-F634918FCA40}.AppStore|iPhoneSimulator.ActiveCfg = Release|Any CPU
		{AD301AD1-8AC8-47A2-AEDE-F634918FCA40}.AppStore|iPhoneSimulator.Build.0 = Release|Any CPU
		{AD301AD1-8AC8-47A2-AEDE-F634918FCA40}.AppStore|iPhoneSimulator.Deploy.0 = Release|Any CPU
		{AD301AD1-8AC8-47A2-AEDE-F634918FCA40}.AppStore|x64.ActiveCfg = Release|Any CPU
		{AD301AD1-8AC8-47A2-AEDE-F634918FCA40}.AppStore|x64.Build.0 = Release|Any CPU
		{AD301AD1-8AC8-47A2-AEDE-F634918FCA40}.AppStore|x64.Deploy.0 = Release|Any CPU
		{AD301AD1-8AC8-47A2-AEDE-F634918FCA40}.AppStore|x86.ActiveCfg = Release|x86
		{AD301AD1-8AC8-47A2-AEDE-F634918FCA40}.AppStore|x86.Build.0 = Release|x86
		{AD301AD1-8AC8-47A2-AEDE-F634918FCA40}.AppStore|x86.Deploy.0 = Release|x86
		{AD301AD1-8AC8-47A2-AEDE-F634918FCA40}.Debug|Any CPU.ActiveCfg = Debug|Any CPU
		{AD301AD1-8AC8-47A2-AEDE-F634918FCA40}.Debug|Any CPU.Build.0 = Debug|Any CPU
		{AD301AD1-8AC8-47A2-AEDE-F634918FCA40}.Debug|Any CPU.Deploy.0 = Debug|Any CPU
		{AD301AD1-8AC8-47A2-AEDE-F634918FCA40}.Debug|ARM.ActiveCfg = Debug|ARM
		{AD301AD1-8AC8-47A2-AEDE-F634918FCA40}.Debug|ARM.Build.0 = Debug|ARM
		{AD301AD1-8AC8-47A2-AEDE-F634918FCA40}.Debug|ARM.Deploy.0 = Debug|ARM
		{AD301AD1-8AC8-47A2-AEDE-F634918FCA40}.Debug|iPhone.ActiveCfg = Debug|Any CPU
		{AD301AD1-8AC8-47A2-AEDE-F634918FCA40}.Debug|iPhone.Build.0 = Debug|Any CPU
		{AD301AD1-8AC8-47A2-AEDE-F634918FCA40}.Debug|iPhone.Deploy.0 = Debug|Any CPU
		{AD301AD1-8AC8-47A2-AEDE-F634918FCA40}.Debug|iPhoneSimulator.ActiveCfg = Debug|Any CPU
		{AD301AD1-8AC8-47A2-AEDE-F634918FCA40}.Debug|iPhoneSimulator.Build.0 = Debug|Any CPU
		{AD301AD1-8AC8-47A2-AEDE-F634918FCA40}.Debug|iPhoneSimulator.Deploy.0 = Debug|Any CPU
		{AD301AD1-8AC8-47A2-AEDE-F634918FCA40}.Debug|x64.ActiveCfg = Debug|Any CPU
		{AD301AD1-8AC8-47A2-AEDE-F634918FCA40}.Debug|x64.Build.0 = Debug|Any CPU
		{AD301AD1-8AC8-47A2-AEDE-F634918FCA40}.Debug|x64.Deploy.0 = Debug|Any CPU
		{AD301AD1-8AC8-47A2-AEDE-F634918FCA40}.Debug|x86.ActiveCfg = Debug|x86
		{AD301AD1-8AC8-47A2-AEDE-F634918FCA40}.Debug|x86.Build.0 = Debug|x86
		{AD301AD1-8AC8-47A2-AEDE-F634918FCA40}.Debug|x86.Deploy.0 = Debug|x86
		{AD301AD1-8AC8-47A2-AEDE-F634918FCA40}.Release|Any CPU.ActiveCfg = Release|Any CPU
		{AD301AD1-8AC8-47A2-AEDE-F634918FCA40}.Release|Any CPU.Build.0 = Release|Any CPU
		{AD301AD1-8AC8-47A2-AEDE-F634918FCA40}.Release|Any CPU.Deploy.0 = Release|Any CPU
		{AD301AD1-8AC8-47A2-AEDE-F634918FCA40}.Release|ARM.ActiveCfg = Release|ARM
		{AD301AD1-8AC8-47A2-AEDE-F634918FCA40}.Release|ARM.Build.0 = Release|ARM
		{AD301AD1-8AC8-47A2-AEDE-F634918FCA40}.Release|ARM.Deploy.0 = Release|ARM
		{AD301AD1-8AC8-47A2-AEDE-F634918FCA40}.Release|iPhone.ActiveCfg = Release|Any CPU
		{AD301AD1-8AC8-47A2-AEDE-F634918FCA40}.Release|iPhone.Build.0 = Release|Any CPU
		{AD301AD1-8AC8-47A2-AEDE-F634918FCA40}.Release|iPhone.Deploy.0 = Release|Any CPU
		{AD301AD1-8AC8-47A2-AEDE-F634918FCA40}.Release|iPhoneSimulator.ActiveCfg = Release|Any CPU
		{AD301AD1-8AC8-47A2-AEDE-F634918FCA40}.Release|iPhoneSimulator.Build.0 = Release|Any CPU
		{AD301AD1-8AC8-47A2-AEDE-F634918FCA40}.Release|iPhoneSimulator.Deploy.0 = Release|Any CPU
		{AD301AD1-8AC8-47A2-AEDE-F634918FCA40}.Release|x64.ActiveCfg = Release|Any CPU
		{AD301AD1-8AC8-47A2-AEDE-F634918FCA40}.Release|x64.Build.0 = Release|Any CPU
		{AD301AD1-8AC8-47A2-AEDE-F634918FCA40}.Release|x64.Deploy.0 = Release|Any CPU
		{AD301AD1-8AC8-47A2-AEDE-F634918FCA40}.Release|x86.ActiveCfg = Release|x86
		{AD301AD1-8AC8-47A2-AEDE-F634918FCA40}.Release|x86.Build.0 = Release|x86
		{AD301AD1-8AC8-47A2-AEDE-F634918FCA40}.Release|x86.Deploy.0 = Release|x86
		{23BA654C-F585-44D3-9354-F184C71090FE}.Ad-Hoc|Any CPU.ActiveCfg = Release|x86
		{23BA654C-F585-44D3-9354-F184C71090FE}.Ad-Hoc|Any CPU.Build.0 = Release|x86
		{23BA654C-F585-44D3-9354-F184C71090FE}.Ad-Hoc|Any CPU.Deploy.0 = Release|x86
		{23BA654C-F585-44D3-9354-F184C71090FE}.Ad-Hoc|ARM.ActiveCfg = Release|ARM
		{23BA654C-F585-44D3-9354-F184C71090FE}.Ad-Hoc|ARM.Build.0 = Release|ARM
		{23BA654C-F585-44D3-9354-F184C71090FE}.Ad-Hoc|ARM.Deploy.0 = Release|ARM
		{23BA654C-F585-44D3-9354-F184C71090FE}.Ad-Hoc|iPhone.ActiveCfg = Release|x86
		{23BA654C-F585-44D3-9354-F184C71090FE}.Ad-Hoc|iPhone.Build.0 = Release|x86
		{23BA654C-F585-44D3-9354-F184C71090FE}.Ad-Hoc|iPhone.Deploy.0 = Release|x86
		{23BA654C-F585-44D3-9354-F184C71090FE}.Ad-Hoc|iPhoneSimulator.ActiveCfg = Release|x86
		{23BA654C-F585-44D3-9354-F184C71090FE}.Ad-Hoc|iPhoneSimulator.Build.0 = Release|x86
		{23BA654C-F585-44D3-9354-F184C71090FE}.Ad-Hoc|iPhoneSimulator.Deploy.0 = Release|x86
		{23BA654C-F585-44D3-9354-F184C71090FE}.Ad-Hoc|x64.ActiveCfg = Release|x64
		{23BA654C-F585-44D3-9354-F184C71090FE}.Ad-Hoc|x64.Build.0 = Release|x64
		{23BA654C-F585-44D3-9354-F184C71090FE}.Ad-Hoc|x64.Deploy.0 = Release|x64
		{23BA654C-F585-44D3-9354-F184C71090FE}.Ad-Hoc|x86.ActiveCfg = Release|x86
		{23BA654C-F585-44D3-9354-F184C71090FE}.Ad-Hoc|x86.Build.0 = Release|x86
		{23BA654C-F585-44D3-9354-F184C71090FE}.Ad-Hoc|x86.Deploy.0 = Release|x86
		{23BA654C-F585-44D3-9354-F184C71090FE}.AppStore|Any CPU.ActiveCfg = Release|x86
		{23BA654C-F585-44D3-9354-F184C71090FE}.AppStore|Any CPU.Build.0 = Release|x86
		{23BA654C-F585-44D3-9354-F184C71090FE}.AppStore|Any CPU.Deploy.0 = Release|x86
		{23BA654C-F585-44D3-9354-F184C71090FE}.AppStore|ARM.ActiveCfg = Release|ARM
		{23BA654C-F585-44D3-9354-F184C71090FE}.AppStore|ARM.Build.0 = Release|ARM
		{23BA654C-F585-44D3-9354-F184C71090FE}.AppStore|ARM.Deploy.0 = Release|ARM
		{23BA654C-F585-44D3-9354-F184C71090FE}.AppStore|iPhone.ActiveCfg = Release|x86
		{23BA654C-F585-44D3-9354-F184C71090FE}.AppStore|iPhone.Build.0 = Release|x86
		{23BA654C-F585-44D3-9354-F184C71090FE}.AppStore|iPhone.Deploy.0 = Release|x86
		{23BA654C-F585-44D3-9354-F184C71090FE}.AppStore|iPhoneSimulator.ActiveCfg = Release|x86
		{23BA654C-F585-44D3-9354-F184C71090FE}.AppStore|iPhoneSimulator.Build.0 = Release|x86
		{23BA654C-F585-44D3-9354-F184C71090FE}.AppStore|iPhoneSimulator.Deploy.0 = Release|x86
		{23BA654C-F585-44D3-9354-F184C71090FE}.AppStore|x64.ActiveCfg = Release|x64
		{23BA654C-F585-44D3-9354-F184C71090FE}.AppStore|x64.Build.0 = Release|x64
		{23BA654C-F585-44D3-9354-F184C71090FE}.AppStore|x64.Deploy.0 = Release|x64
		{23BA654C-F585-44D3-9354-F184C71090FE}.AppStore|x86.ActiveCfg = Release|x86
		{23BA654C-F585-44D3-9354-F184C71090FE}.AppStore|x86.Build.0 = Release|x86
		{23BA654C-F585-44D3-9354-F184C71090FE}.AppStore|x86.Deploy.0 = Release|x86
		{23BA654C-F585-44D3-9354-F184C71090FE}.Debug|Any CPU.ActiveCfg = Debug|x86
		{23BA654C-F585-44D3-9354-F184C71090FE}.Debug|ARM.ActiveCfg = Debug|ARM
		{23BA654C-F585-44D3-9354-F184C71090FE}.Debug|ARM.Build.0 = Debug|ARM
		{23BA654C-F585-44D3-9354-F184C71090FE}.Debug|ARM.Deploy.0 = Debug|ARM
		{23BA654C-F585-44D3-9354-F184C71090FE}.Debug|iPhone.ActiveCfg = Debug|x86
		{23BA654C-F585-44D3-9354-F184C71090FE}.Debug|iPhoneSimulator.ActiveCfg = Debug|x86
		{23BA654C-F585-44D3-9354-F184C71090FE}.Debug|x64.ActiveCfg = Debug|x64
		{23BA654C-F585-44D3-9354-F184C71090FE}.Debug|x64.Build.0 = Debug|x64
		{23BA654C-F585-44D3-9354-F184C71090FE}.Debug|x64.Deploy.0 = Debug|x64
		{23BA654C-F585-44D3-9354-F184C71090FE}.Debug|x86.ActiveCfg = Debug|x86
		{23BA654C-F585-44D3-9354-F184C71090FE}.Debug|x86.Build.0 = Debug|x86
		{23BA654C-F585-44D3-9354-F184C71090FE}.Debug|x86.Deploy.0 = Debug|x86
		{23BA654C-F585-44D3-9354-F184C71090FE}.Release|Any CPU.ActiveCfg = Release|x86
		{23BA654C-F585-44D3-9354-F184C71090FE}.Release|ARM.ActiveCfg = Release|ARM
		{23BA654C-F585-44D3-9354-F184C71090FE}.Release|ARM.Build.0 = Release|ARM
		{23BA654C-F585-44D3-9354-F184C71090FE}.Release|ARM.Deploy.0 = Release|ARM
		{23BA654C-F585-44D3-9354-F184C71090FE}.Release|iPhone.ActiveCfg = Release|x86
		{23BA654C-F585-44D3-9354-F184C71090FE}.Release|iPhoneSimulator.ActiveCfg = Release|x86
		{23BA654C-F585-44D3-9354-F184C71090FE}.Release|x64.ActiveCfg = Release|x64
		{23BA654C-F585-44D3-9354-F184C71090FE}.Release|x64.Build.0 = Release|x64
		{23BA654C-F585-44D3-9354-F184C71090FE}.Release|x64.Deploy.0 = Release|x64
		{23BA654C-F585-44D3-9354-F184C71090FE}.Release|x86.ActiveCfg = Release|x86
		{23BA654C-F585-44D3-9354-F184C71090FE}.Release|x86.Build.0 = Release|x86
		{23BA654C-F585-44D3-9354-F184C71090FE}.Release|x86.Deploy.0 = Release|x86
		{0F61967B-FDCC-448A-872C-B9C98D67F933}.Ad-Hoc|Any CPU.ActiveCfg = Release|Any CPU
		{0F61967B-FDCC-448A-872C-B9C98D67F933}.Ad-Hoc|Any CPU.Build.0 = Release|Any CPU
		{0F61967B-FDCC-448A-872C-B9C98D67F933}.Ad-Hoc|Any CPU.Deploy.0 = Release|Any CPU
		{0F61967B-FDCC-448A-872C-B9C98D67F933}.Ad-Hoc|ARM.ActiveCfg = Release|ARM
		{0F61967B-FDCC-448A-872C-B9C98D67F933}.Ad-Hoc|ARM.Build.0 = Release|ARM
		{0F61967B-FDCC-448A-872C-B9C98D67F933}.Ad-Hoc|ARM.Deploy.0 = Release|ARM
		{0F61967B-FDCC-448A-872C-B9C98D67F933}.Ad-Hoc|iPhone.ActiveCfg = Release|Any CPU
		{0F61967B-FDCC-448A-872C-B9C98D67F933}.Ad-Hoc|iPhone.Build.0 = Release|Any CPU
		{0F61967B-FDCC-448A-872C-B9C98D67F933}.Ad-Hoc|iPhone.Deploy.0 = Release|Any CPU
		{0F61967B-FDCC-448A-872C-B9C98D67F933}.Ad-Hoc|iPhoneSimulator.ActiveCfg = Release|Any CPU
		{0F61967B-FDCC-448A-872C-B9C98D67F933}.Ad-Hoc|iPhoneSimulator.Build.0 = Release|Any CPU
		{0F61967B-FDCC-448A-872C-B9C98D67F933}.Ad-Hoc|iPhoneSimulator.Deploy.0 = Release|Any CPU
		{0F61967B-FDCC-448A-872C-B9C98D67F933}.Ad-Hoc|x64.ActiveCfg = Release|x64
		{0F61967B-FDCC-448A-872C-B9C98D67F933}.Ad-Hoc|x64.Build.0 = Release|x64
		{0F61967B-FDCC-448A-872C-B9C98D67F933}.Ad-Hoc|x64.Deploy.0 = Release|x64
		{0F61967B-FDCC-448A-872C-B9C98D67F933}.Ad-Hoc|x86.ActiveCfg = Release|x86
		{0F61967B-FDCC-448A-872C-B9C98D67F933}.Ad-Hoc|x86.Build.0 = Release|x86
		{0F61967B-FDCC-448A-872C-B9C98D67F933}.Ad-Hoc|x86.Deploy.0 = Release|x86
		{0F61967B-FDCC-448A-872C-B9C98D67F933}.AppStore|Any CPU.ActiveCfg = Release|Any CPU
		{0F61967B-FDCC-448A-872C-B9C98D67F933}.AppStore|Any CPU.Build.0 = Release|Any CPU
		{0F61967B-FDCC-448A-872C-B9C98D67F933}.AppStore|Any CPU.Deploy.0 = Release|Any CPU
		{0F61967B-FDCC-448A-872C-B9C98D67F933}.AppStore|ARM.ActiveCfg = Release|ARM
		{0F61967B-FDCC-448A-872C-B9C98D67F933}.AppStore|ARM.Build.0 = Release|ARM
		{0F61967B-FDCC-448A-872C-B9C98D67F933}.AppStore|ARM.Deploy.0 = Release|ARM
		{0F61967B-FDCC-448A-872C-B9C98D67F933}.AppStore|iPhone.ActiveCfg = Release|Any CPU
		{0F61967B-FDCC-448A-872C-B9C98D67F933}.AppStore|iPhone.Build.0 = Release|Any CPU
		{0F61967B-FDCC-448A-872C-B9C98D67F933}.AppStore|iPhone.Deploy.0 = Release|Any CPU
		{0F61967B-FDCC-448A-872C-B9C98D67F933}.AppStore|iPhoneSimulator.ActiveCfg = Release|Any CPU
		{0F61967B-FDCC-448A-872C-B9C98D67F933}.AppStore|iPhoneSimulator.Build.0 = Release|Any CPU
		{0F61967B-FDCC-448A-872C-B9C98D67F933}.AppStore|iPhoneSimulator.Deploy.0 = Release|Any CPU
		{0F61967B-FDCC-448A-872C-B9C98D67F933}.AppStore|x64.ActiveCfg = Release|x64
		{0F61967B-FDCC-448A-872C-B9C98D67F933}.AppStore|x64.Build.0 = Release|x64
		{0F61967B-FDCC-448A-872C-B9C98D67F933}.AppStore|x64.Deploy.0 = Release|x64
		{0F61967B-FDCC-448A-872C-B9C98D67F933}.AppStore|x86.ActiveCfg = Release|x86
		{0F61967B-FDCC-448A-872C-B9C98D67F933}.AppStore|x86.Build.0 = Release|x86
		{0F61967B-FDCC-448A-872C-B9C98D67F933}.AppStore|x86.Deploy.0 = Release|x86
		{0F61967B-FDCC-448A-872C-B9C98D67F933}.Debug|Any CPU.ActiveCfg = Debug|Any CPU
		{0F61967B-FDCC-448A-872C-B9C98D67F933}.Debug|Any CPU.Build.0 = Debug|Any CPU
		{0F61967B-FDCC-448A-872C-B9C98D67F933}.Debug|Any CPU.Deploy.0 = Debug|Any CPU
		{0F61967B-FDCC-448A-872C-B9C98D67F933}.Debug|ARM.ActiveCfg = Debug|ARM
		{0F61967B-FDCC-448A-872C-B9C98D67F933}.Debug|ARM.Build.0 = Debug|ARM
		{0F61967B-FDCC-448A-872C-B9C98D67F933}.Debug|ARM.Deploy.0 = Debug|ARM
		{0F61967B-FDCC-448A-872C-B9C98D67F933}.Debug|iPhone.ActiveCfg = Debug|Any CPU
		{0F61967B-FDCC-448A-872C-B9C98D67F933}.Debug|iPhone.Build.0 = Debug|Any CPU
		{0F61967B-FDCC-448A-872C-B9C98D67F933}.Debug|iPhone.Deploy.0 = Debug|Any CPU
		{0F61967B-FDCC-448A-872C-B9C98D67F933}.Debug|iPhoneSimulator.ActiveCfg = Debug|Any CPU
		{0F61967B-FDCC-448A-872C-B9C98D67F933}.Debug|iPhoneSimulator.Build.0 = Debug|Any CPU
		{0F61967B-FDCC-448A-872C-B9C98D67F933}.Debug|iPhoneSimulator.Deploy.0 = Debug|Any CPU
		{0F61967B-FDCC-448A-872C-B9C98D67F933}.Debug|x64.ActiveCfg = Debug|x64
		{0F61967B-FDCC-448A-872C-B9C98D67F933}.Debug|x64.Build.0 = Debug|x64
		{0F61967B-FDCC-448A-872C-B9C98D67F933}.Debug|x64.Deploy.0 = Debug|x64
		{0F61967B-FDCC-448A-872C-B9C98D67F933}.Debug|x86.ActiveCfg = Debug|x86
		{0F61967B-FDCC-448A-872C-B9C98D67F933}.Debug|x86.Build.0 = Debug|x86
		{0F61967B-FDCC-448A-872C-B9C98D67F933}.Debug|x86.Deploy.0 = Debug|x86
		{0F61967B-FDCC-448A-872C-B9C98D67F933}.Release|Any CPU.ActiveCfg = Release|Any CPU
		{0F61967B-FDCC-448A-872C-B9C98D67F933}.Release|Any CPU.Build.0 = Release|Any CPU
		{0F61967B-FDCC-448A-872C-B9C98D67F933}.Release|Any CPU.Deploy.0 = Release|Any CPU
		{0F61967B-FDCC-448A-872C-B9C98D67F933}.Release|ARM.ActiveCfg = Release|ARM
		{0F61967B-FDCC-448A-872C-B9C98D67F933}.Release|ARM.Build.0 = Release|ARM
		{0F61967B-FDCC-448A-872C-B9C98D67F933}.Release|ARM.Deploy.0 = Release|ARM
		{0F61967B-FDCC-448A-872C-B9C98D67F933}.Release|iPhone.ActiveCfg = Release|Any CPU
		{0F61967B-FDCC-448A-872C-B9C98D67F933}.Release|iPhone.Build.0 = Release|Any CPU
		{0F61967B-FDCC-448A-872C-B9C98D67F933}.Release|iPhone.Deploy.0 = Release|Any CPU
		{0F61967B-FDCC-448A-872C-B9C98D67F933}.Release|iPhoneSimulator.ActiveCfg = Release|Any CPU
		{0F61967B-FDCC-448A-872C-B9C98D67F933}.Release|iPhoneSimulator.Build.0 = Release|Any CPU
		{0F61967B-FDCC-448A-872C-B9C98D67F933}.Release|iPhoneSimulator.Deploy.0 = Release|Any CPU
		{0F61967B-FDCC-448A-872C-B9C98D67F933}.Release|x64.ActiveCfg = Release|x64
		{0F61967B-FDCC-448A-872C-B9C98D67F933}.Release|x64.Build.0 = Release|x64
		{0F61967B-FDCC-448A-872C-B9C98D67F933}.Release|x64.Deploy.0 = Release|x64
		{0F61967B-FDCC-448A-872C-B9C98D67F933}.Release|x86.ActiveCfg = Release|x86
		{0F61967B-FDCC-448A-872C-B9C98D67F933}.Release|x86.Build.0 = Release|x86
		{0F61967B-FDCC-448A-872C-B9C98D67F933}.Release|x86.Deploy.0 = Release|x86
	EndGlobalSection
	GlobalSection(SolutionProperties) = preSolution
		HideSolutionNode = FALSE
	EndGlobalSection
EndGlobal
